
Microsoft Visual Studio Solution File, Format Version 12.00
# Visual Studio Version 16
VisualStudioVersion = 16.0.30621.155
MinimumVisualStudioVersion = 10.0.40219.1
Project("{FAE04EC0-301F-11D3-BF4B-00C04F79EFBC}") = "SporApp", "SporApp\SporApp.csproj", "{F6C0D22B-54ED-4ECA-9025-BA34AAC12D0D}"
EndProject
Project("{FAE04EC0-301F-11D3-BF4B-00C04F79EFBC}") = "SporApp.DAL", "SporApp.DAL\SporApp.DAL.csproj", "{4D6EA898-4E0D-41F3-8584-3B24F81FFF67}"
EndProject
Project("{FAE04EC0-301F-11D3-BF4B-00C04F79EFBC}") = "SporApp.BLL", "SporApp.BLL\SporApp.BLL.csproj", "{377BACE2-ACAA-4AF4-9106-3B7BD4915918}"
EndProject
Global
	GlobalSection(SolutionConfigurationPlatforms) = preSolution
		Debug|Any CPU = Debug|Any CPU
		Release|Any CPU = Release|Any CPU
	EndGlobalSection
	GlobalSection(ProjectConfigurationPlatforms) = postSolution
		{F6C0D22B-54ED-4ECA-9025-BA34AAC12D0D}.Debug|Any CPU.ActiveCfg = Debug|Any CPU
		{F6C0D22B-54ED-4ECA-9025-BA34AAC12D0D}.Debug|Any CPU.Build.0 = Debug|Any CPU
		{F6C0D22B-54ED-4ECA-9025-BA34AAC12D0D}.Release|Any CPU.ActiveCfg = Release|Any CPU
		{F6C0D22B-54ED-4ECA-9025-BA34AAC12D0D}.Release|Any CPU.Build.0 = Release|Any CPU
		{4D6EA898-4E0D-41F3-8584-3B24F81FFF67}.Debug|Any CPU.ActiveCfg = Debug|Any CPU
		{4D6EA898-4E0D-41F3-8584-3B24F81FFF67}.Debug|Any CPU.Build.0 = Debug|Any CPU
		{4D6EA898-4E0D-41F3-8584-3B24F81FFF67}.Release|Any CPU.ActiveCfg = Release|Any CPU
		{4D6EA898-4E0D-41F3-8584-3B24F81FFF67}.Release|Any CPU.Build.0 = Release|Any CPU
		{377BACE2-ACAA-4AF4-9106-3B7BD4915918}.Debug|Any CPU.ActiveCfg = Debug|Any CPU
		{377BACE2-ACAA-4AF4-9106-3B7BD4915918}.Debug|Any CPU.Build.0 = Debug|Any CPU
		{377BACE2-ACAA-4AF4-9106-3B7BD4915918}.Release|Any CPU.ActiveCfg = Release|Any CPU
		{377BACE2-ACAA-4AF4-9106-3B7BD4915918}.Release|Any CPU.Build.0 = Release|Any CPU
	EndGlobalSection
	GlobalSection(SolutionProperties) = preSolution
		HideSolutionNode = FALSE
	EndGlobalSection
	GlobalSection(ExtensibilityGlobals) = postSolution
		SolutionGuid = {7AC02328-B13D-4A71-9CEB-24436CC54AF4}
	EndGlobalSection
EndGlobal
